# This file is automatically @generated by Poetry 1.5.1 and should not be changed by hand.

[[package]]
name = "bracex"
version = "2.3.post1"
description = "Bash style brace expander."
optional = false
python-versions = ">=3.7"
files = [
    {file = "bracex-2.3.post1-py3-none-any.whl", hash = "sha256:351b7f20d56fb9ea91f9b9e9e7664db466eb234188c175fd943f8f755c807e73"},
    {file = "bracex-2.3.post1.tar.gz", hash = "sha256:e7b23fc8b2cd06d3dec0692baabecb249dda94e06a617901ff03a6c56fd71693"},
]

[[package]]
name = "fonttools"
version = "4.40.0"
description = "Tools to manipulate font files"
optional = false
python-versions = ">=3.8"
files = [
    {file = "fonttools-4.40.0-cp310-cp310-macosx_10_9_universal2.whl", hash = "sha256:b802dcbf9bcff74672f292b2466f6589ab8736ce4dcf36f48eb994c2847c4b30"},
    {file = "fonttools-4.40.0-cp310-cp310-macosx_10_9_x86_64.whl", hash = "sha256:7f6e3fa3da923063c286320e728ba2270e49c73386e3a711aa680f4b0747d692"},
    {file = "fonttools-4.40.0-cp310-cp310-manylinux_2_17_aarch64.manylinux2014_aarch64.whl", hash = "sha256:5fdf60f8a5c6bcce7d024a33f7e4bc7921f5b74e8ea13bccd204f2c8b86f3470"},
    {file = "fonttools-4.40.0-cp310-cp310-manylinux_2_17_x86_64.manylinux2014_x86_64.whl", hash = "sha256:91784e21a1a085fac07c6a407564f4a77feb471b5954c9ee55a4f9165151f6c1"},
    {file = "fonttools-4.40.0-cp310-cp310-musllinux_1_1_aarch64.whl", hash = "sha256:05171f3c546f64d78569f10adc0de72561882352cac39ec7439af12304d8d8c0"},
    {file = "fonttools-4.40.0-cp310-cp310-musllinux_1_1_x86_64.whl", hash = "sha256:7449e5e306f3a930a8944c85d0cbc8429cba13503372a1a40f23124d6fb09b58"},
    {file = "fonttools-4.40.0-cp310-cp310-win32.whl", hash = "sha256:bae8c13abbc2511e9a855d2142c0ab01178dd66b1a665798f357da0d06253e0d"},
    {file = "fonttools-4.40.0-cp310-cp310-win_amd64.whl", hash = "sha256:425b74a608427499b0e45e433c34ddc350820b6f25b7c8761963a08145157a66"},
    {file = "fonttools-4.40.0-cp311-cp311-macosx_10_9_universal2.whl", hash = "sha256:00ab569b2a3e591e00425023ade87e8fef90380c1dde61be7691cb524ca5f743"},
    {file = "fonttools-4.40.0-cp311-cp311-macosx_10_9_x86_64.whl", hash = "sha256:18ea64ac43e94c9e0c23d7a9475f1026be0e25b10dda8f236fc956188761df97"},
    {file = "fonttools-4.40.0-cp311-cp311-manylinux_2_17_aarch64.manylinux2014_aarch64.whl", hash = "sha256:022c4a16b412293e7f1ce21b8bab7a6f9d12c4ffdf171fdc67122baddb973069"},
    {file = "fonttools-4.40.0-cp311-cp311-manylinux_2_17_x86_64.manylinux2014_x86_64.whl", hash = "sha256:530c5d35109f3e0cea2535742d6a3bc99c0786cf0cbd7bb2dc9212387f0d908c"},
    {file = "fonttools-4.40.0-cp311-cp311-musllinux_1_1_aarch64.whl", hash = "sha256:5e00334c66f4e83535384cb5339526d01d02d77f142c23b2f97bd6a4f585497a"},
    {file = "fonttools-4.40.0-cp311-cp311-musllinux_1_1_x86_64.whl", hash = "sha256:eb52c10fda31159c22c7ed85074e05f8b97da8773ea461706c273e31bcbea836"},
    {file = "fonttools-4.40.0-cp311-cp311-win32.whl", hash = "sha256:6a8d71b9a5c884c72741868e845c0e563c5d83dcaf10bb0ceeec3b4b2eb14c67"},
    {file = "fonttools-4.40.0-cp311-cp311-win_amd64.whl", hash = "sha256:15abb3d055c1b2dff9ce376b6c3db10777cb74b37b52b78f61657634fd348a0d"},
    {file = "fonttools-4.40.0-cp38-cp38-macosx_10_9_universal2.whl", hash = "sha256:14037c31138fbd21847ad5e5441dfdde003e0a8f3feb5812a1a21fd1c255ffbd"},
    {file = "fonttools-4.40.0-cp38-cp38-macosx_10_9_x86_64.whl", hash = "sha256:94c915f6716589f78bc00fbc14c5b8de65cfd11ee335d32504f1ef234524cb24"},
    {file = "fonttools-4.40.0-cp38-cp38-manylinux_2_17_aarch64.manylinux2014_aarch64.whl", hash = "sha256:37467cee0f32cada2ec08bc16c9c31f9b53ea54b2f5604bf25a1246b5f50593a"},
    {file = "fonttools-4.40.0-cp38-cp38-manylinux_2_17_x86_64.manylinux2014_x86_64.whl", hash = "sha256:56d4d85f5374b45b08d2f928517d1e313ea71b4847240398decd0ab3ebbca885"},
    {file = "fonttools-4.40.0-cp38-cp38-musllinux_1_1_aarch64.whl", hash = "sha256:8c4305b171b61040b1ee75d18f9baafe58bd3b798d1670078efe2c92436bfb63"},
    {file = "fonttools-4.40.0-cp38-cp38-musllinux_1_1_x86_64.whl", hash = "sha256:a954b90d1473c85a22ecf305761d9fd89da93bbd31dae86e7dea436ad2cb5dc9"},
    {file = "fonttools-4.40.0-cp38-cp38-win32.whl", hash = "sha256:1bc4c5b147be8dbc5df9cc8ac5e93ee914ad030fe2a201cc8f02f499db71011d"},
    {file = "fonttools-4.40.0-cp38-cp38-win_amd64.whl", hash = "sha256:8a917828dbfdb1cbe50cf40eeae6fbf9c41aef9e535649ed8f4982b2ef65c091"},
    {file = "fonttools-4.40.0-cp39-cp39-macosx_10_9_universal2.whl", hash = "sha256:882983279bf39afe4e945109772c2ffad2be2c90983d6559af8b75c19845a80a"},
    {file = "fonttools-4.40.0-cp39-cp39-macosx_10_9_x86_64.whl", hash = "sha256:c55f1b4109dbc3aeb496677b3e636d55ef46dc078c2a5e3f3db4e90f1c6d2907"},
    {file = "fonttools-4.40.0-cp39-cp39-manylinux_2_17_aarch64.manylinux2014_aarch64.whl", hash = "sha256:ec468c022d09f1817c691cf884feb1030ef6f1e93e3ea6831b0d8144c06480d1"},
    {file = "fonttools-4.40.0-cp39-cp39-manylinux_2_17_x86_64.manylinux2014_x86_64.whl", hash = "sha256:6d5adf4ba114f028fc3f5317a221fd8b0f4ef7a2e5524a2b1e0fd891b093791a"},
    {file = "fonttools-4.40.0-cp39-cp39-musllinux_1_1_aarch64.whl", hash = "sha256:aa83b3f151bc63970f39b2b42a06097c5a22fd7ed9f7ba008e618de4503d3895"},
    {file = "fonttools-4.40.0-cp39-cp39-musllinux_1_1_x86_64.whl", hash = "sha256:97d95b8301b62bdece1af943b88bcb3680fd385f88346a4a899ee145913b414a"},
    {file = "fonttools-4.40.0-cp39-cp39-win32.whl", hash = "sha256:1a003608400dd1cca3e089e8c94973c6b51a4fb1ef00ff6d7641617b9242e637"},
    {file = "fonttools-4.40.0-cp39-cp39-win_amd64.whl", hash = "sha256:7961575221e3da0841c75da53833272c520000d76f7f71274dbf43370f8a1065"},
    {file = "fonttools-4.40.0-py3-none-any.whl", hash = "sha256:200729d12461e2038700d31f0d49ad5a7b55855dec7525074979a06b46f88505"},
    {file = "fonttools-4.40.0.tar.gz", hash = "sha256:337b6e83d7ee73c40ea62407f2ce03b07c3459e213b6f332b94a69923b9e1cb9"},
]

[package.extras]
all = ["brotli (>=1.0.1)", "brotlicffi (>=0.8.0)", "fs (>=2.2.0,<3)", "lxml (>=4.0,<5)", "lz4 (>=1.7.4.2)", "matplotlib", "munkres", "scipy", "skia-pathops (>=0.5.0)", "sympy", "uharfbuzz (>=0.23.0)", "unicodedata2 (>=15.0.0)", "xattr", "zopfli (>=0.1.4)"]
graphite = ["lz4 (>=1.7.4.2)"]
interpolatable = ["munkres", "scipy"]
lxml = ["lxml (>=4.0,<5)"]
pathops = ["skia-pathops (>=0.5.0)"]
plot = ["matplotlib"]
repacker = ["uharfbuzz (>=0.23.0)"]
symfont = ["sympy"]
type1 = ["xattr"]
ufo = ["fs (>=2.2.0,<3)"]
unicode = ["unicodedata2 (>=15.0.0)"]
woff = ["brotli (>=1.0.1)", "brotlicffi (>=0.8.0)", "zopfli (>=0.1.4)"]

[[package]]
name = "python-box"
version = "7.0.1"
description = "Advanced Python dictionaries with dot notation access"
optional = false
python-versions = ">=3.7"
files = [
    {file = "python-box-7.0.1.tar.gz", hash = "sha256:dc6724f88255ccbc07092abd506281439cc2b75c6569c754ffc2b22580e7ae06"},
    {file = "python_box-7.0.1-cp310-cp310-macosx_11_0_x86_64.whl", hash = "sha256:92093bf5b1500004e3608b3f39e54230b21301ffb00ff5f4dbf775f2a409a7a9"},
    {file = "python_box-7.0.1-cp310-cp310-manylinux_2_5_x86_64.manylinux1_x86_64.manylinux_2_12_x86_64.manylinux2010_x86_64.whl", hash = "sha256:cccb85f9cbf64eda51c773f3db68aa60291ec1356b0774c37bcd4e13f26b90e7"},
    {file = "python_box-7.0.1-cp310-cp310-win_amd64.whl", hash = "sha256:f394cca98c777b25836faf25cb5afdc88c01dc753a5aab80055a038229091b7b"},
    {file = "python_box-7.0.1-cp311-cp311-macosx_10_9_universal2.whl", hash = "sha256:86182565c9ebe9ee4a3aece1a55d9d5451c6a44b5ec127a5e4d315909efe6d10"},
    {file = "python_box-7.0.1-cp311-cp311-win_amd64.whl", hash = "sha256:33d61b81133d1ddf6d85d0658c4c9aca871208c28df74e660dbdfe68f9b470ce"},
    {file = "python_box-7.0.1-cp37-cp37m-macosx_10_15_x86_64.whl", hash = "sha256:042d10f33e56a3b3432a94a23c90672a7f32f6de7116cdd9bc59d852ca08f5f7"},
    {file = "python_box-7.0.1-cp37-cp37m-manylinux_2_5_x86_64.manylinux1_x86_64.manylinux_2_12_x86_64.manylinux2010_x86_64.whl", hash = "sha256:6a6d71c3c2ebed3f4c888edfa96bc5768f5e7641c4b0b6017d70f68a325811cf"},
    {file = "python_box-7.0.1-cp37-cp37m-win_amd64.whl", hash = "sha256:dc135cf06ef3dde501de9baab21d908088fb03e2de09e3fe80e8a4f1dcd1ab2b"},
    {file = "python_box-7.0.1-cp38-cp38-macosx_10_15_x86_64.whl", hash = "sha256:443ff7320c1b7e64384189f532c386600a6c31db9ddd9ded8ecc3ad4c43d0edb"},
    {file = "python_box-7.0.1-cp38-cp38-manylinux_2_5_x86_64.manylinux1_x86_64.manylinux_2_12_x86_64.manylinux2010_x86_64.whl", hash = "sha256:6b8265e842eee33dd5d1b129b8da900ec0b6f80db70680b633f9086807f42fb9"},
    {file = "python_box-7.0.1-cp38-cp38-win_amd64.whl", hash = "sha256:fbb14fac0ff0b2b42e47041b7b8b4f1f8d6f6ac086c8e68b7f0358602905653e"},
    {file = "python_box-7.0.1-cp39-cp39-macosx_11_0_x86_64.whl", hash = "sha256:84867f6527bbd1d17bc7534e1c64ccd1d173d973ae5eb202f04bdf8c0ca3a690"},
    {file = "python_box-7.0.1-cp39-cp39-manylinux_2_5_x86_64.manylinux1_x86_64.manylinux_2_12_x86_64.manylinux2010_x86_64.whl", hash = "sha256:4e35521b9b96cf6a18ecfef7ebcf73fe326956a7b5d789c4ff0a01dc43edd6ce"},
    {file = "python_box-7.0.1-cp39-cp39-win_amd64.whl", hash = "sha256:f9254a1c7ec5e729e256f9a223773aa8a76d7a995f4d6be0015f74ab93a0f97c"},
    {file = "python_box-7.0.1-py3-none-any.whl", hash = "sha256:f26f210b2257fd973413e75e8b91aaff9c95d7d61266426a7d3df473c4adcfd4"},
]

[package.extras]
all = ["msgpack", "ruamel.yaml (>=0.17)", "toml"]
msgpack = ["msgpack"]
pyyaml = ["PyYAML"]
ruamel-yaml = ["ruamel.yaml (>=0.17)"]
toml = ["toml"]
tomli = ["tomli", "tomli-w"]
yaml = ["ruamel.yaml (>=0.17)"]

[[package]]
name = "wcmatch"
version = "8.4.1"
description = "Wildcard/glob file name matcher."
optional = false
python-versions = ">=3.7"
files = [
    {file = "wcmatch-8.4.1-py3-none-any.whl", hash = "sha256:3476cd107aba7b25ba1d59406938a47dc7eec6cfd0ad09ff77193f21a964dee7"},
    {file = "wcmatch-8.4.1.tar.gz", hash = "sha256:b1f042a899ea4c458b7321da1b5e3331e3e0ec781583434de1301946ceadb943"},
]

[package.dependencies]
bracex = ">=2.1.1"

[metadata]
lock-version = "2.0"
python-versions = "^3.10"
content-hash = "7af56c682bafb78656f0d61c425bea933acd86faefce25a5317dd346533850da"
